Microsoft Visual Studio Solution File, Format Version 11.00
# Visual Studio 2010
Project("{D68E82C3-AC0F-4594-A8BC-4B5ED49BF28A}") = "planetaryexplorers", "planetaryexplorers.visualdproj", "{C9E74192-1A25-4B0C-9982-1F9AEC5DBF08}"
	ProjectSection(ProjectDependencies) = postProject
		{B54C37BC-5E61-4B2D-8B09-F790B66EBCE5} = {B54C37BC-5E61-4B2D-8B09-F790B66EBCE5}
		{BE430222-54E9-4206-88E5-3D04002EC741} = {BE430222-54E9-4206-88E5-3D04002EC741}
		{9F0F70CA-33E1-4541-AD20-C766EF229419} = {9F0F70CA-33E1-4541-AD20-C766EF229419}
		{9F0F70CA-33E1-4541-AD20-C766EF229419} = {9F0F70CA-33E1-4541-AD20-C766EF229419}
	EndProjectSection
EndProject
Project("{D68E82C3-AC0F-4594-A8BC-4B5ED49BF28A}") = "dsfml:graphics", "dsfml_graphics.visualdproj", "{B54C37BC-5E61-4B2D-8B09-F790B66EBCE5}"
EndProject
Project("{D68E82C3-AC0F-4594-A8BC-4B5ED49BF28A}") = "dsfml:window", "dsfml_window.visualdproj", "{BE430222-54E9-4206-88E5-3D04002EC741}"
EndProject
Project("{D68E82C3-AC0F-4594-A8BC-4B5ED49BF28A}") = "dsfml:system", "dsfml_system.visualdproj", "{9F0F70CA-33E1-4541-AD20-C766EF229419}"
EndProject
Global
	GlobalSection(SolutionConfigurationPlatforms) = preSolution
		debug|Win32 = debug|Win32
	EndGlobalSection
	GlobalSection(ProjectConfigurationPlatforms) = postSolution
		{C9E74192-1A25-4B0C-9982-1F9AEC5DBF08}.debug|Win32.ActiveCfg = debug|Win32
		{C9E74192-1A25-4B0C-9982-1F9AEC5DBF08}.debug|Win32.Build.0 = debug|Win32
		{BE430222-54E9-4206-88E5-3D04002EC741}.debug|Win32.ActiveCfg = debug|Win32
		{BE430222-54E9-4206-88E5-3D04002EC741}.debug|Win32.Build.0 = debug|Win32
		{B54C37BC-5E61-4B2D-8B09-F790B66EBCE5}.debug|Win32.ActiveCfg = debug|Win32
		{B54C37BC-5E61-4B2D-8B09-F790B66EBCE5}.debug|Win32.Build.0 = debug|Win32
		{9F0F70CA-33E1-4541-AD20-C766EF229419}.debug|Win32.ActiveCfg = debug|Win32
		{9F0F70CA-33E1-4541-AD20-C766EF229419}.debug|Win32.Build.0 = debug|Win32
	EndGlobalSection
	GlobalSection(SolutionProperties) = preSolution
		HideSolutionNode = FALSE
	EndGlobalSection
EndGlobal
